
Microsoft Visual Studio Solution File, Format Version 12.00
# Visual Studio Version 16
VisualStudioVersion = 16.0.30320.27
MinimumVisualStudioVersion = 10.0.40219.1
Project("{FAE04EC0-301F-11D3-BF4B-00C04F79EFBC}") = "ReadlyFetcher", "ReadlyFetcher\ReadlyFetcher.csproj", "{54B05D24-8591-42A2-BF5B-DEBEC0986FE1}"
EndProject
Global
	GlobalSection(SolutionConfigurationPlatforms) = preSolution
		Debug|Any CPU = Debug|Any CPU
		Release|Any CPU = Release|Any CPU
	EndGlobalSection
	GlobalSection(ProjectConfigurationPlatforms) = postSolution
		{54B05D24-8591-42A2-BF5B-DEBEC0986FE1}.Debug|Any CPU.ActiveCfg = Debug|Any CPU
		{54B05D24-8591-42A2-BF5B-DEBEC0986FE1}.Debug|Any CPU.Build.0 = Debug|Any CPU
		{54B05D24-8591-42A2-BF5B-DEBEC0986FE1}.Release|Any CPU.ActiveCfg = Release|Any CPU
		{54B05D24-8591-42A2-BF5B-DEBEC0986FE1}.Release|Any CPU.Build.0 = Release|Any CPU
	EndGlobalSection
	GlobalSection(SolutionProperties) = preSolution
		HideSolutionNode = FALSE
	EndGlobalSection
	GlobalSection(ExtensibilityGlobals) = postSolution
		SolutionGuid = {F8994F5D-435B-462D-A157-99C9CDC8D509}
	EndGlobalSection
EndGlobal
